
Microsoft Visual Studio Solution File, Format Version 12.00
# Visual Studio Version 16
VisualStudioVersion = 16.0.30011.22
MinimumVisualStudioVersion = 10.0.40219.1
Project("{9A19103F-16F7-4668-BE54-9A1E7A4F7556}") = "CookiesAuthorization", "CookiesAuthorization\CookiesAuthorization.csproj", "{35F31EF5-33E9-4284-A4B1-C89375DCFEF6}"
EndProject
Project("{FAE04EC0-301F-11D3-BF4B-00C04F79EFBC}") = "CookiesNUnit", "CookiesNUnit\CookiesNUnit.csproj", "{22CEA041-0AD6-438B-B84A-F80A9A6F7E92}"
	ProjectSection(ProjectDependencies) = postProject
		{35F31EF5-33E9-4284-A4B1-C89375DCFEF6} = {35F31EF5-33E9-4284-A4B1-C89375DCFEF6}
	EndProjectSection
EndProject
Global
	GlobalSection(SolutionConfigurationPlatforms) = preSolution
		Debug|Any CPU = Debug|Any CPU
		Release|Any CPU = Release|Any CPU
	EndGlobalSection
	GlobalSection(ProjectConfigurationPlatforms) = postSolution
		{35F31EF5-33E9-4284-A4B1-C89375DCFEF6}.Debug|Any CPU.ActiveCfg = Debug|Any CPU
		{35F31EF5-33E9-4284-A4B1-C89375DCFEF6}.Debug|Any CPU.Build.0 = Debug|Any CPU
		{35F31EF5-33E9-4284-A4B1-C89375DCFEF6}.Release|Any CPU.ActiveCfg = Release|Any CPU
		{35F31EF5-33E9-4284-A4B1-C89375DCFEF6}.Release|Any CPU.Build.0 = Release|Any CPU
		{22CEA041-0AD6-438B-B84A-F80A9A6F7E92}.Debug|Any CPU.ActiveCfg = Debug|Any CPU
		{22CEA041-0AD6-438B-B84A-F80A9A6F7E92}.Debug|Any CPU.Build.0 = Debug|Any CPU
		{22CEA041-0AD6-438B-B84A-F80A9A6F7E92}.Release|Any CPU.ActiveCfg = Release|Any CPU
		{22CEA041-0AD6-438B-B84A-F80A9A6F7E92}.Release|Any CPU.Build.0 = Release|Any CPU
	EndGlobalSection
	GlobalSection(SolutionProperties) = preSolution
		HideSolutionNode = FALSE
	EndGlobalSection
	GlobalSection(ExtensibilityGlobals) = postSolution
		SolutionGuid = {1707514C-2B04-4173-819C-3F53AD6AEFB3}
	EndGlobalSection
EndGlobal
